
Microsoft Visual Studio Solution File, Format Version 12.00
# Visual Studio 2012
Project("{FAE04EC0-301F-11D3-BF4B-00C04F79EFBC}") = "SizeUp.Web", "SizeUp.Web\SizeUp.Web.csproj", "{1C3CA391-2D1C-45B6-A586-6519B735609A}"
EndProject
Project("{FAE04EC0-301F-11D3-BF4B-00C04F79EFBC}") = "SizeUp.Core", "SizeUp.Core\SizeUp.Core.csproj", "{210E4AD2-CC4C-4B6A-8AA3-C4C2C2E2C1A7}"
EndProject
Project("{FAE04EC0-301F-11D3-BF4B-00C04F79EFBC}") = "SizeUp.Data", "SizeUp.Data\SizeUp.Data.csproj", "{BDDF3087-7D33-4A34-B72E-7DFEFC5DEA0E}"
EndProject
Project("{FAE04EC0-301F-11D3-BF4B-00C04F79EFBC}") = "SizeUp.WidgetSandbox", "SizeUp.WidgetSandbox\SizeUp.WidgetSandbox.csproj", "{97DEEE16-4A05-457B-820E-B9041D064AD1}"
EndProject
Project("{FAE04EC0-301F-11D3-BF4B-00C04F79EFBC}") = "SizeUp.Offline", "SizeUp.Offline\SizeUp.Offline.csproj", "{D7D95CF2-C616-4645-81BC-C41C0F57D830}"
EndProject
Global
	GlobalSection(SolutionConfigurationPlatforms) = preSolution
		Debug|Any CPU = Debug|Any CPU
		Debug|Mixed Platforms = Debug|Mixed Platforms
		Debug|x86 = Debug|x86
		Release|Any CPU = Release|Any CPU
		Release|Mixed Platforms = Release|Mixed Platforms
		Release|x86 = Release|x86
	EndGlobalSection
	GlobalSection(ProjectConfigurationPlatforms) = postSolution
		{1C3CA391-2D1C-45B6-A586-6519B735609A}.Debug|Any CPU.ActiveCfg = Debug|Any CPU
		{1C3CA391-2D1C-45B6-A586-6519B735609A}.Debug|Any CPU.Build.0 = Debug|Any CPU
		{1C3CA391-2D1C-45B6-A586-6519B735609A}.Debug|Mixed Platforms.ActiveCfg = Debug|Any CPU
		{1C3CA391-2D1C-45B6-A586-6519B735609A}.Debug|Mixed Platforms.Build.0 = Debug|Any CPU
		{1C3CA391-2D1C-45B6-A586-6519B735609A}.Debug|x86.ActiveCfg = Debug|Any CPU
		{1C3CA391-2D1C-45B6-A586-6519B735609A}.Debug|x86.Build.0 = Debug|Any CPU
		{1C3CA391-2D1C-45B6-A586-6519B735609A}.Release|Any CPU.ActiveCfg = Release|Any CPU
		{1C3CA391-2D1C-45B6-A586-6519B735609A}.Release|Any CPU.Build.0 = Release|Any CPU
		{1C3CA391-2D1C-45B6-A586-6519B735609A}.Release|Mixed Platforms.ActiveCfg = Release|Any CPU
		{1C3CA391-2D1C-45B6-A586-6519B735609A}.Release|Mixed Platforms.Build.0 = Release|Any CPU
		{1C3CA391-2D1C-45B6-A586-6519B735609A}.Release|x86.ActiveCfg = Release|Any CPU
		{1C3CA391-2D1C-45B6-A586-6519B735609A}.Release|x86.Build.0 = Release|Any CPU
		{210E4AD2-CC4C-4B6A-8AA3-C4C2C2E2C1A7}.Debug|Any CPU.ActiveCfg = Debug|Any CPU
		{210E4AD2-CC4C-4B6A-8AA3-C4C2C2E2C1A7}.Debug|Any CPU.Build.0 = Debug|Any CPU
		{210E4AD2-CC4C-4B6A-8AA3-C4C2C2E2C1A7}.Debug|Mixed Platforms.ActiveCfg = Debug|Any CPU
		{210E4AD2-CC4C-4B6A-8AA3-C4C2C2E2C1A7}.Debug|Mixed Platforms.Build.0 = Debug|Any CPU
		{210E4AD2-CC4C-4B6A-8AA3-C4C2C2E2C1A7}.Debug|x86.ActiveCfg = Debug|Any CPU
		{210E4AD2-CC4C-4B6A-8AA3-C4C2C2E2C1A7}.Debug|x86.Build.0 = Debug|Any CPU
		{210E4AD2-CC4C-4B6A-8AA3-C4C2C2E2C1A7}.Release|Any CPU.ActiveCfg = Release|Any CPU
		{210E4AD2-CC4C-4B6A-8AA3-C4C2C2E2C1A7}.Release|Any CPU.Build.0 = Release|Any CPU
		{210E4AD2-CC4C-4B6A-8AA3-C4C2C2E2C1A7}.Release|Mixed Platforms.ActiveCfg = Release|Any CPU
		{210E4AD2-CC4C-4B6A-8AA3-C4C2C2E2C1A7}.Release|Mixed Platforms.Build.0 = Release|Any CPU
		{210E4AD2-CC4C-4B6A-8AA3-C4C2C2E2C1A7}.Release|x86.ActiveCfg = Release|Any CPU
		{210E4AD2-CC4C-4B6A-8AA3-C4C2C2E2C1A7}.Release|x86.Build.0 = Release|Any CPU
		{210E4AD2-CC4C-4B6A-8AA3-C4C2C2E2C1A7}.Release|x86.Deploy.0 = Release|Any CPU
		{97DEEE16-4A05-457B-820E-B9041D064AD1}.Debug|Any CPU.ActiveCfg = Debug|Any CPU
		{97DEEE16-4A05-457B-820E-B9041D064AD1}.Debug|Any CPU.Build.0 = Debug|Any CPU
		{97DEEE16-4A05-457B-820E-B9041D064AD1}.Debug|Mixed Platforms.ActiveCfg = Debug|Any CPU
		{97DEEE16-4A05-457B-820E-B9041D064AD1}.Debug|Mixed Platforms.Build.0 = Debug|Any CPU
		{97DEEE16-4A05-457B-820E-B9041D064AD1}.Debug|x86.ActiveCfg = Debug|Any CPU
		{97DEEE16-4A05-457B-820E-B9041D064AD1}.Release|Any CPU.ActiveCfg = Release|Any CPU
		{97DEEE16-4A05-457B-820E-B9041D064AD1}.Release|Any CPU.Build.0 = Release|Any CPU
		{97DEEE16-4A05-457B-820E-B9041D064AD1}.Release|Mixed Platforms.ActiveCfg = Release|Any CPU
		{97DEEE16-4A05-457B-820E-B9041D064AD1}.Release|Mixed Platforms.Build.0 = Release|Any CPU
		{97DEEE16-4A05-457B-820E-B9041D064AD1}.Release|x86.ActiveCfg = Release|Any CPU
		{BDDF3087-7D33-4A34-B72E-7DFEFC5DEA0E}.Debug|Any CPU.ActiveCfg = Debug|Any CPU
		{BDDF3087-7D33-4A34-B72E-7DFEFC5DEA0E}.Debug|Any CPU.Build.0 = Debug|Any CPU
		{BDDF3087-7D33-4A34-B72E-7DFEFC5DEA0E}.Debug|Mixed Platforms.ActiveCfg = Debug|Any CPU
		{BDDF3087-7D33-4A34-B72E-7DFEFC5DEA0E}.Debug|Mixed Platforms.Build.0 = Debug|Any CPU
		{BDDF3087-7D33-4A34-B72E-7DFEFC5DEA0E}.Debug|x86.ActiveCfg = Debug|Any CPU
		{BDDF3087-7D33-4A34-B72E-7DFEFC5DEA0E}.Debug|x86.Build.0 = Debug|Any CPU
		{BDDF3087-7D33-4A34-B72E-7DFEFC5DEA0E}.Release|Any CPU.ActiveCfg = Release|Any CPU
		{BDDF3087-7D33-4A34-B72E-7DFEFC5DEA0E}.Release|Any CPU.Build.0 = Release|Any CPU
		{BDDF3087-7D33-4A34-B72E-7DFEFC5DEA0E}.Release|Mixed Platforms.ActiveCfg = Release|Any CPU
		{BDDF3087-7D33-4A34-B72E-7DFEFC5DEA0E}.Release|Mixed Platforms.Build.0 = Release|Any CPU
		{BDDF3087-7D33-4A34-B72E-7DFEFC5DEA0E}.Release|x86.ActiveCfg = Release|Any CPU
		{BDDF3087-7D33-4A34-B72E-7DFEFC5DEA0E}.Release|x86.Build.0 = Release|Any CPU
		{D7D95CF2-C616-4645-81BC-C41C0F57D830}.Debug|Any CPU.ActiveCfg = Debug|Any CPU
		{D7D95CF2-C616-4645-81BC-C41C0F57D830}.Debug|Any CPU.Build.0 = Debug|Any CPU
		{D7D95CF2-C616-4645-81BC-C41C0F57D830}.Debug|Mixed Platforms.ActiveCfg = Debug|Any CPU
		{D7D95CF2-C616-4645-81BC-C41C0F57D830}.Debug|Mixed Platforms.Build.0 = Debug|Any CPU
		{D7D95CF2-C616-4645-81BC-C41C0F57D830}.Debug|x86.ActiveCfg = Debug|Any CPU
		{D7D95CF2-C616-4645-81BC-C41C0F57D830}.Release|Any CPU.ActiveCfg = Release|Any CPU
		{D7D95CF2-C616-4645-81BC-C41C0F57D830}.Release|Any CPU.Build.0 = Release|Any CPU
		{D7D95CF2-C616-4645-81BC-C41C0F57D830}.Release|Mixed Platforms.ActiveCfg = Release|Any CPU
		{D7D95CF2-C616-4645-81BC-C41C0F57D830}.Release|Mixed Platforms.Build.0 = Release|Any CPU
		{D7D95CF2-C616-4645-81BC-C41C0F57D830}.Release|x86.ActiveCfg = Release|Any CPU
	EndGlobalSection
	GlobalSection(SolutionProperties) = preSolution
		HideSolutionNode = FALSE
	EndGlobalSection
EndGlobal
