
Microsoft Visual Studio Solution File, Format Version 10.00
# Visual Studio 2008
Project("{D183A3D8-5FD8-494B-B014-37F57B35E655}") = "SizeUp-LBI.DataImport", "SizeUp-LBI.DataImport.dtproj", "{9207B82D-9AAB-4548-8E6E-7CC9805EEE76}"
EndProject
Global
	GlobalSection(SolutionConfigurationPlatforms) = preSolution
		Development|Default = Development|Default
	EndGlobalSection
	GlobalSection(ProjectConfigurationPlatforms) = postSolution
		{9207B82D-9AAB-4548-8E6E-7CC9805EEE76}.Development|Default.ActiveCfg = Development
		{9207B82D-9AAB-4548-8E6E-7CC9805EEE76}.Development|Default.Build.0 = Development
	EndGlobalSection
	GlobalSection(SolutionProperties) = preSolution
		HideSolutionNode = FALSE
	EndGlobalSection
EndGlobal
