
Microsoft Visual Studio Solution File, Format Version 10.00
# Visual Studio 2008
Project("{D183A3D8-5FD8-494B-B014-37F57B35E655}") = "SizeUpCalculations", "SizeUpCalculations.dtproj", "{38C6F71D-C387-4F1F-89C4-58866C823450}"
EndProject
Global
	GlobalSection(SolutionConfigurationPlatforms) = preSolution
		Development|Default = Development|Default
	EndGlobalSection
	GlobalSection(ProjectConfigurationPlatforms) = postSolution
		{38C6F71D-C387-4F1F-89C4-58866C823450}.Development|Default.ActiveCfg = Development
		{38C6F71D-C387-4F1F-89C4-58866C823450}.Development|Default.Build.0 = Development
	EndGlobalSection
	GlobalSection(SolutionProperties) = preSolution
		HideSolutionNode = FALSE
	EndGlobalSection
EndGlobal
